
Microsoft Visual Studio Solution File, Format Version 12.00
# Visual Studio Version 17
VisualStudioVersion = 17.11.35222.181
MinimumVisualStudioVersion = 10.0.40219.1
Project("{FAE04EC0-301F-11D3-BF4B-00C04F79EFBC}") = "Практическая 7", "Практическая 7.csproj", "{17E501AB-DE06-4F7F-8490-E59FD74EDA01}"
EndProject
Global
	GlobalSection(SolutionConfigurationPlatforms) = preSolution
		Debug|Any CPU = Debug|Any CPU
		Release|Any CPU = Release|Any CPU
	EndGlobalSection
	GlobalSection(ProjectConfigurationPlatforms) = postSolution
		{17E501AB-DE06-4F7F-8490-E59FD74EDA01}.Debug|Any CPU.ActiveCfg = Debug|Any CPU
		{17E501AB-DE06-4F7F-8490-E59FD74EDA01}.Debug|Any CPU.Build.0 = Debug|Any CPU
		{17E501AB-DE06-4F7F-8490-E59FD74EDA01}.Release|Any CPU.ActiveCfg = Release|Any CPU
		{17E501AB-DE06-4F7F-8490-E59FD74EDA01}.Release|Any CPU.Build.0 = Release|Any CPU
	EndGlobalSection
	GlobalSection(SolutionProperties) = preSolution
		HideSolutionNode = FALSE
	EndGlobalSection
	GlobalSection(ExtensibilityGlobals) = postSolution
		SolutionGuid = {0183DDDC-CF79-4EA9-A5FD-FA21F25EB73F}
	EndGlobalSection
EndGlobal
